{
  "name": "proj02",
  "version": "1.0.0",
  "lockfileVersion": 3,
  "requires": true,
  "packages": {
    "": {
      "name": "proj02",
      "version": "1.0.0",
      "license": "ISC",
      "dependencies": {
        "lazy.js": "^0.5.1",
        "ramda": "^0.30.1"
      }
    },
    "node_modules/lazy.js": {
      "version": "0.5.1",
      "resolved": "https://registry.npmjs.org/lazy.js/-/lazy.js-0.5.1.tgz",
      "integrity": "sha512-p9v24vaKrzS2mEx3yuzva/3M6I3+HwvXd0pB1Xf/IvsFIMdhQgmym7JBO0e7c0OZmKTo07sCuiCIm6jazSWFNw=="
    },
    "node_modules/ramda": {
      "version": "0.30.1",
      "resolved": "https://registry.npmjs.org/ramda/-/ramda-0.30.1.tgz",
      "integrity": "sha512-tEF5I22zJnuclswcZMc8bDIrwRHRzf+NqVEmqg50ShAZMP7MWeR/RGDthfM/p+BlqvF2fXAzpn8i+SJcYD3alw==",
      "funding": {
        "type": "opencollective",
        "url": "https://opencollective.com/ramda"
      }
    }
  }
}
